
Microsoft Visual Studio Solution File, Format Version 12.00
# Visual Studio Express 14 for Web
VisualStudioVersion = 14.0.25420.1
MinimumVisualStudioVersion = 10.0.40219.1
Project("{FAE04EC0-301F-11D3-BF4B-00C04F79EFBC}") = "TenantSystem", "TenantSystem\TenantSystem.csproj", "{7E3DF8C0-DD97-4DBF-A2B9-7AF6E0962947}"
EndProject
Project("{FAE04EC0-301F-11D3-BF4B-00C04F79EFBC}") = "TenantSystem.Model", "TenantSystem.Model\TenantSystem.Model.csproj", "{901C032D-CA62-4F6B-BA6A-728386D9AC58}"
EndProject
Project("{FAE04EC0-301F-11D3-BF4B-00C04F79EFBC}") = "TenantSystem.Infrastructure", "TenantSystem.Infrastructure\TenantSystem.Infrastructure.csproj", "{D3AC5208-D96C-41E7-BFB8-0BE7DF4DDD29}"
EndProject
Project("{FAE04EC0-301F-11D3-BF4B-00C04F79EFBC}") = "TenantSystem.BLL", "TenantSystem.BLL\TenantSystem.BLL.csproj", "{2B8441E9-BA3D-421E-86C8-625DDEC9F6A7}"
EndProject
Project("{FAE04EC0-301F-11D3-BF4B-00C04F79EFBC}") = "TenantSystem.Api", "TenantSystem.Api\TenantSystem.Api.csproj", "{1AA8DC99-42FC-4862-BA2E-AF316BBDD308}"
EndProject
Global
	GlobalSection(SolutionConfigurationPlatforms) = preSolution
		Debug|Any CPU = Debug|Any CPU
		Release|Any CPU = Release|Any CPU
	EndGlobalSection
	GlobalSection(ProjectConfigurationPlatforms) = postSolution
		{7E3DF8C0-DD97-4DBF-A2B9-7AF6E0962947}.Debug|Any CPU.ActiveCfg = Debug|Any CPU
		{7E3DF8C0-DD97-4DBF-A2B9-7AF6E0962947}.Debug|Any CPU.Build.0 = Debug|Any CPU
		{7E3DF8C0-DD97-4DBF-A2B9-7AF6E0962947}.Release|Any CPU.ActiveCfg = Release|Any CPU
		{7E3DF8C0-DD97-4DBF-A2B9-7AF6E0962947}.Release|Any CPU.Build.0 = Release|Any CPU
		{901C032D-CA62-4F6B-BA6A-728386D9AC58}.Debug|Any CPU.ActiveCfg = Debug|Any CPU
		{901C032D-CA62-4F6B-BA6A-728386D9AC58}.Debug|Any CPU.Build.0 = Debug|Any CPU
		{901C032D-CA62-4F6B-BA6A-728386D9AC58}.Release|Any CPU.ActiveCfg = Release|Any CPU
		{901C032D-CA62-4F6B-BA6A-728386D9AC58}.Release|Any CPU.Build.0 = Release|Any CPU
		{D3AC5208-D96C-41E7-BFB8-0BE7DF4DDD29}.Debug|Any CPU.ActiveCfg = Debug|Any CPU
		{D3AC5208-D96C-41E7-BFB8-0BE7DF4DDD29}.Debug|Any CPU.Build.0 = Debug|Any CPU
		{D3AC5208-D96C-41E7-BFB8-0BE7DF4DDD29}.Release|Any CPU.ActiveCfg = Release|Any CPU
		{D3AC5208-D96C-41E7-BFB8-0BE7DF4DDD29}.Release|Any CPU.Build.0 = Release|Any CPU
		{2B8441E9-BA3D-421E-86C8-625DDEC9F6A7}.Debug|Any CPU.ActiveCfg = Debug|Any CPU
		{2B8441E9-BA3D-421E-86C8-625DDEC9F6A7}.Debug|Any CPU.Build.0 = Debug|Any CPU
		{2B8441E9-BA3D-421E-86C8-625DDEC9F6A7}.Release|Any CPU.ActiveCfg = Release|Any CPU
		{2B8441E9-BA3D-421E-86C8-625DDEC9F6A7}.Release|Any CPU.Build.0 = Release|Any CPU
		{1AA8DC99-42FC-4862-BA2E-AF316BBDD308}.Debug|Any CPU.ActiveCfg = Debug|Any CPU
		{1AA8DC99-42FC-4862-BA2E-AF316BBDD308}.Debug|Any CPU.Build.0 = Debug|Any CPU
		{1AA8DC99-42FC-4862-BA2E-AF316BBDD308}.Release|Any CPU.ActiveCfg = Release|Any CPU
		{1AA8DC99-42FC-4862-BA2E-AF316BBDD308}.Release|Any CPU.Build.0 = Release|Any CPU
	EndGlobalSection
	GlobalSection(SolutionProperties) = preSolution
		HideSolutionNode = FALSE
	EndGlobalSection
EndGlobal
